PODS:
  - PerfectLibSkinCarePlus (1.0.0)

DEPENDENCIES:
  - PerfectLibSkinCarePlus (from `/Users/mac/code/skincare_demo/ios/PerfectLibSkinCarePlus.podspec`)

EXTERNAL SOURCES:
  PerfectLibSkinCarePlus:
    :path: "/Users/mac/code/skincare_demo/ios/PerfectLibSkinCarePlus.podspec"

SPEC CHECKSUMS:
  PerfectLibSkinCarePlus: b18c08ca69ad79ac04deaa91082a435938cf175d

PODFILE CHECKSUM: 0cfc345e87a0eb6c2fa0dfdc5d97870874853b0e

COCOAPODS: 1.15.2
